
Microsoft Visual Studio Solution File, Format Version 12.00
# Visual Studio Version 17
VisualStudioVersion = 17.3.32922.545
MinimumVisualStudioVersion = 10.0.40219.1
Project("{2150E333-8FDC-42A3-9474-1A3956D46DE8}") = "Services", "Services", "{B239350A-7DD9-483B-8BF2-861567888306}"
EndProject
Project("{2150E333-8FDC-42A3-9474-1A3956D46DE8}") = "Employees", "Employees", "{4D6FBCE5-E41C-401F-BF7F-D122C987E0CE}"
EndProject
Project("{FAE04EC0-301F-11D3-BF4B-00C04F79EFBC}") = "Employees.API", "Services\Employees\Employees.API\Employees.API.csproj", "{15DA05CB-35BA-40C9-A37E-528255098C32}"
EndProject
Global
	GlobalSection(SolutionConfigurationPlatforms) = preSolution
		Debug|Any CPU = Debug|Any CPU
		Release|Any CPU = Release|Any CPU
	EndGlobalSection
	GlobalSection(ProjectConfigurationPlatforms) = postSolution
		{15DA05CB-35BA-40C9-A37E-528255098C32}.Debug|Any CPU.ActiveCfg = Debug|Any CPU
		{15DA05CB-35BA-40C9-A37E-528255098C32}.Debug|Any CPU.Build.0 = Debug|Any CPU
		{15DA05CB-35BA-40C9-A37E-528255098C32}.Release|Any CPU.ActiveCfg = Release|Any CPU
		{15DA05CB-35BA-40C9-A37E-528255098C32}.Release|Any CPU.Build.0 = Release|Any CPU
	EndGlobalSection
	GlobalSection(SolutionProperties) = preSolution
		HideSolutionNode = FALSE
	EndGlobalSection
	GlobalSection(NestedProjects) = preSolution
		{4D6FBCE5-E41C-401F-BF7F-D122C987E0CE} = {B239350A-7DD9-483B-8BF2-861567888306}
		{15DA05CB-35BA-40C9-A37E-528255098C32} = {4D6FBCE5-E41C-401F-BF7F-D122C987E0CE}
	EndGlobalSection
	GlobalSection(ExtensibilityGlobals) = postSolution
		SolutionGuid = {B2A12155-61C6-4BB8-9692-23BA981B22B1}
	EndGlobalSection
EndGlobal
